
Microsoft Visual Studio Solution File, Format Version 12.00
# Visual Studio Version 17
VisualStudioVersion = 17.3.32811.315
MinimumVisualStudioVersion = 10.0.40219.1
Project("{FAE04EC0-301F-11D3-BF4B-00C04F79EFBC}") = "GDI+", "GDI+\GDI+.csproj", "{E265F219-77D8-4FA2-9A64-8B3CB7D6D571}"
EndProject
Global
	GlobalSection(SolutionConfigurationPlatforms) = preSolution
		Debug|Any CPU = Debug|Any CPU
		Release|Any CPU = Release|Any CPU
	EndGlobalSection
	GlobalSection(ProjectConfigurationPlatforms) = postSolution
		{E265F219-77D8-4FA2-9A64-8B3CB7D6D571}.Debug|Any CPU.ActiveCfg = Debug|Any CPU
		{E265F219-77D8-4FA2-9A64-8B3CB7D6D571}.Debug|Any CPU.Build.0 = Debug|Any CPU
		{E265F219-77D8-4FA2-9A64-8B3CB7D6D571}.Release|Any CPU.ActiveCfg = Release|Any CPU
		{E265F219-77D8-4FA2-9A64-8B3CB7D6D571}.Release|Any CPU.Build.0 = Release|Any CPU
	EndGlobalSection
	GlobalSection(SolutionProperties) = preSolution
		HideSolutionNode = FALSE
	EndGlobalSection
	GlobalSection(ExtensibilityGlobals) = postSolution
		SolutionGuid = {A981786E-5650-4180-8ACF-4B955AB7F437}
	EndGlobalSection
EndGlobal
